// !$*UTF8*$!
{
	archiveVersion = 1;
	classes = {
	};
	objectVersion = 46;
	objects = {

/* Begin PBXBuildFile section */
		AE1F06FE1DE9F6A400CEFDC6 /* AppDelegate.swift in Sources */ = {isa = PBXBuildFile; fileRef = AE1F06FD1DE9F6A400CEFDC6 /* AppDelegate.swift */; };
		AE1F07001DE9F6A400CEFDC6 /* ViewController.swift in Sources */ = {isa = PBXBuildFile; fileRef = AE1F06FF1DE9F6A400CEFDC6 /* ViewController.swift */; };
		AE1F07031DE9F6A400CEFDC6 /* Main.storyboard in Resources */ = {isa = PBXBuildFile; fileRef = AE1F07011DE9F6A400CEFDC6 /* Main.storyboard */; };
		AE1F07051DE9F6A400CEFDC6 /* Assets.xcassets in Resources */ = {isa = PBXBuildFile; fileRef = AE1F07041DE9F6A400CEFDC6 /* Assets.xcassets */; };
		AE1F07081DE9F6A400CEFDC6 /* LaunchScreen.storyboard in Resources */ = {isa = PBXBuildFile; fileRef = AE1F07061DE9F6A400CEFDC6 /* LaunchScreen.storyboard */; };
/* End PBXBuildFile section */

/* Begin PBXFileReference section */
		AE1F06FA1DE9F6A400CEFDC6 /* Youtube-UI.app */ = {isa = PBXFileReference; explicitFileType = wrapper.application; includeInIndex = 0; path = "Youtube-UI.app"; sourceTree = BUILT_PRODUCTS_DIR; };
		AE1F06FD1DE9F6A400CEFDC6 /* AppDelegate.swift */ = {isa = PBXFileReference; lastKnownFileType = sourcecode.swift; path = AppDelegate.swift; sourceTree = "<group>"; };
		AE1F06FF1DE9F6A400CEFDC6 /* ViewController.swift */ = {isa = PBXFileReference; lastKnownFileType = sourcecode.swift; path = ViewController.swift; sourceTree = "<group>"; };
		AE1F07021DE9F6A400CEFDC6 /* Base */ = {isa = PBXFileReference; lastKnownFileType = file.storyboard; name = Base; path = Base.lproj/Main.storyboard; sourceTree = "<group>"; };
		AE1F07041DE9F6A400CEFDC6 /* Assets.xcassets */ = {isa = PBXFileReference; lastKnownFileType = folder.assetcatalog; path = Assets.xcassets; sourceTree = "<group>"; };
		AE1F07071DE9F6A400CEFDC6 /* Base */ = {isa = PBXFileReference; lastKnownFileType = file.storyboard; name = Base; path = Base.lproj/LaunchScreen.storyboard; sourceTree = "<group>"; };
		AE1F07091DE9F6A400CEFDC6 /* Info.plist */ = {isa = PBXFileReference; lastKnownFileType = text.plist.xml; path = Info.plist; sourceTree = "<group>"; };
/* End PBXFileReference section */

/* Begin PBXFrameworksBuildPhase section */
		AE1F06F71DE9F6A400CEFDC6 /* Frameworks */ = {
			isa = PBXFrameworksBuildPhase;
			buildActionMask = 2147483647;
			files = (
			);
			runOnlyForDeploymentPostprocessing = 0;
		};
/* End PBXFrameworksBuildPhase section */

/* Begin PBXGroup section */
		AE1F06F11DE9F6A400CEFDC6 = {
			isa = PBXGroup;
			children = (
				AE1F06FC1DE9F6A400CEFDC6 /* Youtube-UI */,
				AE1F06FB1DE9F6A400CEFDC6 /* Products */,
			);
			sourceTree = "<group>";
		};
		AE1F06FB1DE9F6A400CEFDC6 /* Products */ = {
			isa = PBXGroup;
			children = (
				AE1F06FA1DE9F6A400CEFDC6 /* Youtube-UI.app */,
			);
			name = Products;
			sourceTree = "<group>";
		};
		AE1F06FC1DE9F6A400CEFDC6 /* Youtube-UI */ = {
			isa = PBXGroup;
			children = (
				AE1F06FD1DE9F6A400CEFDC6 /* AppDelegate.swift */,
				AE1F06FF1DE9F6A400CEFDC6 /* ViewController.swift */,
				AE1F07011DE9F6A400CEFDC6 /* Main.storyboard */,
				AE1F07041DE9F6A400CEFDC6 /* Assets.xcassets */,
				AE1F07061DE9F6A400CEFDC6 /* LaunchScreen.storyboard */,
				AE1F07091DE9F6A400CEFDC6 /* Info.plist */,
			);
			path = "Youtube-UI";
			sourceTree = "<group>";
		};
/* End PBXGroup section */

/* Begin PBXNativeTarget section */
		AE1F06F91DE9F6A400CEFDC6 /* Youtube-UI */ = {
			isa = PBXNativeTarget;
			buildConfigurationList = AE1F070C1DE9F6A400CEFDC6 /* Build configuration list for PBXNativeTarget "Youtube-UI" */;
			buildPhases = (
				AE1F06F61DE9F6A400CEFDC6 /* Sources */,
				AE1F06F71DE9F6A400CEFDC6 /* Frameworks */,
				AE1F06F81DE9F6A400CEFDC6 /* Resources */,
			);
			buildRules = (
			);
			dependencies = (
			);
			name = "Youtube-UI";
			productName = "Youtube-UI";
			productReference = AE1F06FA1DE9F6A400CEFDC6 /* Youtube-UI.app */;
			productType = "com.apple.product-type.application";
		};
/* End PBXNativeTarget section */

/* Begin PBXProject section */
		AE1F06F21DE9F6A400CEFDC6 /* Project object */ = {
			isa = PBXProject;
			attributes = {
				LastSwiftUpdateCheck = 0800;
				LastUpgradeCheck = 0800;
				ORGANIZATIONNAME = Pavan;
				TargetAttributes = {
					AE1F06F91DE9F6A400CEFDC6 = {
						CreatedOnToolsVersion = 8.0;
						ProvisioningStyle = Manual;
					};
				};
			};
			buildConfigurationList = AE1F06F51DE9F6A400CEFDC6 /* Build configuration list for PBXProject "Youtube-UI" */;
			compatibilityVersion = "Xcode 3.2";
			developmentRegion = English;
			hasScannedForEncodings = 0;
			knownRegions = (
				en,
				Base,
			);
			mainGroup = AE1F06F11DE9F6A400CEFDC6;
			productRefGroup = AE1F06FB1DE9F6A400CEFDC6 /* Products */;
			projectDirPath = "";
			projectRoot = "";
			targets = (
				AE1F06F91DE9F6A400CEFDC6 /* Youtube-UI */,
			);
		};
/* End PBXProject section */

/* Begin PBXResourcesBuildPhase section */
		AE1F06F81DE9F6A400CEFDC6 /* Resources */ = {
			isa = PBXResourcesBuildPhase;
			buildActionMask = 2147483647;
			files = (
				AE1F07081DE9F6A400CEFDC6 /* LaunchScreen.storyboard in Resources */,
				AE1F07051DE9F6A400CEFDC6 /* Assets.xcassets in Resources */,
				AE1F07031DE9F6A400CEFDC6 /* Main.storyboard in Resources */,
			);
			runOnlyForDeploymentPostprocessing = 0;
		};
/* End PBXResourcesBuildPhase section */

/* Begin PBXSourcesBuildPhase section */
		AE1F06F61DE9F6A400CEFDC6 /* Sources */ = {
			isa = PBXSourcesBuildPhase;
			buildActionMask = 2147483647;
			files = (
				AE1F07001DE9F6A400CEFDC6 /* ViewController.swift in Sources */,
				AE1F06FE1DE9F6A400CEFDC6 /* AppDelegate.swift in Sources */,
			);
			runOnlyForDeploymentPostprocessing = 0;
		};
/* End PBXSourcesBuildPhase section */

/* Begin PBXVariantGroup section */
		AE1F07011DE9F6A400CEFDC6 /* Main.storyboard */ = {
			isa = PBXVariantGroup;
			children = (
				AE1F07021DE9F6A400CEFDC6 /* Base */,
			);
			name = Main.storyboard;
			sourceTree = "<group>";
		};
		AE1F07061DE9F6A400CEFDC6 /* LaunchScreen.storyboard */ = {
			isa = PBXVariantGroup;
			children = (
				AE1F07071DE9F6A400CEFDC6 /* Base */,
			);
			name = LaunchScreen.storyboard;
			sourceTree = "<group>";
		};
/* End PBXVariantGroup section */

/* Begin XCBuildConfiguration section */
		AE1F070A1DE9F6A400CEFDC6 /* Debug */ = {
			isa = XCBuildConfiguration;
			buildSettings = {
				ALWAYS_SEARCH_USER_PATHS = NO;
				CLANG_ANALYZER_NONNULL = YES;
				CLANG_CXX_LANGUAGE_STANDARD = "gnu++0x";
				CLANG_CXX_LIBRARY = "libc++";
				CLANG_ENABLE_MODULES = YES;
				CLANG_ENABLE_OBJC_ARC = YES;
				CLANG_WARN_BOOL_CONVERSION = YES;
				CLANG_WARN_CONSTANT_CONVERSION = YES;
				CLANG_WARN_DIRECT_OBJC_ISA_USAGE = YES_ERROR;
				CLANG_WARN_DOCUMENTATION_COMMENTS = YES;
				CLANG_WARN_EMPTY_BODY = YES;
				CLANG_WARN_ENUM_CONVERSION = YES;
				CLANG_WARN_INFINITE_RECURSION = YES;
				CLANG_WARN_INT_CONVERSION = YES;
				CLANG_WARN_OBJC_ROOT_CLASS = YES_ERROR;
				CLANG_WARN_SUSPICIOUS_MOVES = YES;
				CLANG_WARN_UNREACHABLE_CODE = YES;
				CLANG_WARN__DUPLICATE_METHOD_MATCH = YES;
				"CODE_SIGN_IDENTITY[sdk=iphoneos*]" = "iPhone Developer";
				COPY_PHASE_STRIP = NO;
				DEBUG_INFORMATION_FORMAT = dwarf;
				ENABLE_STRICT_OBJC_MSGSEND = YES;
				ENABLE_TESTABILITY = YES;
				GCC_C_LANGUAGE_STANDARD = gnu99;
				GCC_DYNAMIC_NO_PIC = NO;
				GCC_NO_COMMON_BLOCKS = YES;
				GCC_OPTIMIZATION_LEVEL = 0;
				GCC_PREPROCESSOR_DEFINITIONS = (
					"DEBUG=1",
					"$(inherited)",
				);
				GCC_WARN_64_TO_32_BIT_CONVERSION = YES;
				GCC_WARN_ABOUT_RETURN_TYPE = YES_ERROR;
				GCC_WARN_UNDECLARED_SELECTOR = YES;
				GCC_WARN_UNINITIALIZED_AUTOS = YES_AGGRESSIVE;
				GCC_WARN_UNUSED_FUNCTION = YES;
				GCC_WARN_UNUSED_VARIABLE = YES;
				IPHONEOS_DEPLOYMENT_TARGET = 10.0;
				MTL_ENABLE_DEBUG_INFO = YES;
				ONLY_ACTIVE_ARCH = YES;
				SDKROOT = iphoneos;
				SWIFT_ACTIVE_COMPILATION_CONDITIONS = DEBUG;
				SWIFT_OPTIMIZATION_LEVEL = "-Onone";
				TARGETED_DEVICE_FAMILY = "1,2";
			};
			name = Debug;
		};
		AE1F070B1DE9F6A400CEFDC6 /* Release */ = {
			isa = XCBuildConfiguration;
			buildSettings = {
				ALWAYS_SEARCH_USER_PATHS = NO;
				CLANG_ANALYZER_NONNULL = YES;
				CLANG_CXX_LANGUAGE_STANDARD = "gnu++0x";
				CLANG_CXX_LIBRARY = "libc++";
				CLANG_ENABLE_MODULES = YES;
				CLANG_ENABLE_OBJC_ARC = YES;
				CLANG_WARN_BOOL_CONVERSION = YES;
				CLANG_WARN_CONSTANT_CONVERSION = YES;
				CLANG_WARN_DIRECT_OBJC_ISA_USAGE = YES_ERROR;
				CLANG_WARN_DOCUMENTATION_COMMENTS = YES;
				CLANG_WARN_EMPTY_BODY = YES;
				CLANG_WARN_ENUM_CONVERSION = YES;
				CLANG_WARN_INFINITE_RECURSION = YES;
				CLANG_WARN_INT_CONVERSION = YES;
				CLANG_WARN_OBJC_ROOT_CLASS = YES_ERROR;
				CLANG_WARN_SUSPICIOUS_MOVES = YES;
				CLANG_WARN_UNREACHABLE_CODE = YES;
				CLANG_WARN__DUPLICATE_METHOD_MATCH = YES;
				"CODE_SIGN_IDENTITY[sdk=iphoneos*]" = "iPhone Developer";
				COPY_PHASE_STRIP = NO;
				DEBUG_INFORMATION_FORMAT = "dwarf-with-dsym";
				ENABLE_NS_ASSERTIONS = NO;
				ENABLE_STRICT_OBJC_MSGSEND = YES;
				GCC_C_LANGUAGE_STANDARD = gnu99;
				GCC_NO_COMMON_BLOCKS = YES;
				GCC_WARN_64_TO_32_BIT_CONVERSION = YES;
				GCC_WARN_ABOUT_RETURN_TYPE = YES_ERROR;
				GCC_WARN_UNDECLARED_SELECTOR = YES;
				GCC_WARN_UNINITIALIZED_AUTOS = YES_AGGRESSIVE;
				GCC_WARN_UNUSED_FUNCTION = YES;
				GCC_WARN_UNUSED_VARIABLE = YES;
				IPHONEOS_DEPLOYMENT_TARGET = 10.0;
				MTL_ENABLE_DEBUG_INFO = NO;
				SDKROOT = iphoneos;
				SWIFT_OPTIMIZATION_LEVEL = "-Owholemodule";
				TARGETED_DEVICE_FAMILY = "1,2";
				VALIDATE_PRODUCT = YES;
			};
			name = Release;
		};
		AE1F070D1DE9F6A400CEFDC6 /* Debug */ = {
			isa = XCBuildConfiguration;
			buildSettings = {
				ASSETCATALOG_COMPILER_APPICON_NAME = AppIcon;
				DEVELOPMENT_TEAM = "";
				INFOPLIST_FILE = "Youtube-UI/Info.plist";
				LD_RUNPATH_SEARCH_PATHS = "$(inherited) @executable_path/Frameworks";
				PRODUCT_BUNDLE_IDENTIFIER = "Pavan.Youtube-UI";
				PRODUCT_NAME = "$(TARGET_NAME)";
				SWIFT_VERSION = 3.0;
			};
			name = Debug;
		};
		AE1F070E1DE9F6A400CEFDC6 /* Release */ = {
			isa = XCBuildConfiguration;
			buildSettings = {
				ASSETCATALOG_COMPILER_APPICON_NAME = AppIcon;
				DEVELOPMENT_TEAM = "";
				INFOPLIST_FILE = "Youtube-UI/Info.plist";
				LD_RUNPATH_SEARCH_PATHS = "$(inherited) @executable_path/Frameworks";
				PRODUCT_BUNDLE_IDENTIFIER = "Pavan.Youtube-UI";
				PRODUCT_NAME = "$(TARGET_NAME)";
				SWIFT_VERSION = 3.0;
			};
			name = Release;
		};
/* End XCBuildConfiguration section */

/* Begin XCConfigurationList section */
		AE1F06F51DE9F6A400CEFDC6 /* Build configuration list for PBXProject "Youtube-UI" */ = {
			isa = XCConfigurationList;
			buildConfigurations = (
				AE1F070A1DE9F6A400CEFDC6 /* Debug */,
				AE1F070B1DE9F6A400CEFDC6 /* Release */,
			);
			defaultConfigurationIsVisible = 0;
			defaultConfigurationName = Release;
		};
		AE1F070C1DE9F6A400CEFDC6 /* Build configuration list for PBXNativeTarget "Youtube-UI" */ = {
			isa = XCConfigurationList;
			buildConfigurations = (
				AE1F070D1DE9F6A400CEFDC6 /* Debug */,
				AE1F070E1DE9F6A400CEFDC6 /* Release */,
			);
			defaultConfigurationIsVisible = 0;
		};
/* End XCConfigurationList section */
	};
	rootObject = AE1F06F21DE9F6A400CEFDC6 /* Project object */;
}
